
Microsoft Visual Studio Solution File, Format Version 12.00
# Visual Studio Version 16
VisualStudioVersion = 16.0.31729.503
MinimumVisualStudioVersion = 10.0.40219.1
Project("{FAE04EC0-301F-11D3-BF4B-00C04F79EFBC}") = "QuanLyNhanKhau", "QuanLyNhanKhau.csproj", "{65FCB4B5-EFFE-42A7-8903-7A8CC5B5A856}"
EndProject
Global
	GlobalSection(SolutionConfigurationPlatforms) = preSolution
		Debug|Any CPU = Debug|Any CPU
		Release|Any CPU = Release|Any CPU
	EndGlobalSection
	GlobalSection(ProjectConfigurationPlatforms) = postSolution
		{65FCB4B5-EFFE-42A7-8903-7A8CC5B5A856}.Debug|Any CPU.ActiveCfg = Debug|Any CPU
		{65FCB4B5-EFFE-42A7-8903-7A8CC5B5A856}.Debug|Any CPU.Build.0 = Debug|Any CPU
		{65FCB4B5-EFFE-42A7-8903-7A8CC5B5A856}.Release|Any CPU.ActiveCfg = Release|Any CPU
		{65FCB4B5-EFFE-42A7-8903-7A8CC5B5A856}.Release|Any CPU.Build.0 = Release|Any CPU
	EndGlobalSection
	GlobalSection(SolutionProperties) = preSolution
		HideSolutionNode = FALSE
	EndGlobalSection
	GlobalSection(ExtensibilityGlobals) = postSolution
		SolutionGuid = {7D9078B2-4FB1-44B1-BEEB-1C668A61D102}
	EndGlobalSection
EndGlobal
